
Microsoft Visual Studio Solution File, Format Version 12.00
# Visual Studio Version 16
VisualStudioVersion = 16.0.30523.141
MinimumVisualStudioVersion = 10.0.40219.1
Project("{FAE04EC0-301F-11D3-BF4B-00C04F79EFBC}") = "DockerWeb", "DockerWeb\DockerWeb.csproj", "{D7264705-30E5-4AC4-9F08-4C318A55A360}"
EndProject
Project("{FAE04EC0-301F-11D3-BF4B-00C04F79EFBC}") = "DockerAPI", "DockerAPI\DockerAPI.csproj", "{55A6D6B4-6215-4AA4-87BF-64BD4284C484}"
EndProject
Global
	GlobalSection(SolutionConfigurationPlatforms) = preSolution
		Debug|Any CPU = Debug|Any CPU
		Release|Any CPU = Release|Any CPU
	EndGlobalSection
	GlobalSection(ProjectConfigurationPlatforms) = postSolution
		{D7264705-30E5-4AC4-9F08-4C318A55A360}.Debug|Any CPU.ActiveCfg = Debug|Any CPU
		{D7264705-30E5-4AC4-9F08-4C318A55A360}.Debug|Any CPU.Build.0 = Debug|Any CPU
		{D7264705-30E5-4AC4-9F08-4C318A55A360}.Release|Any CPU.ActiveCfg = Release|Any CPU
		{D7264705-30E5-4AC4-9F08-4C318A55A360}.Release|Any CPU.Build.0 = Release|Any CPU
		{55A6D6B4-6215-4AA4-87BF-64BD4284C484}.Debug|Any CPU.ActiveCfg = Debug|Any CPU
		{55A6D6B4-6215-4AA4-87BF-64BD4284C484}.Debug|Any CPU.Build.0 = Debug|Any CPU
		{55A6D6B4-6215-4AA4-87BF-64BD4284C484}.Release|Any CPU.ActiveCfg = Release|Any CPU
		{55A6D6B4-6215-4AA4-87BF-64BD4284C484}.Release|Any CPU.Build.0 = Release|Any CPU
	EndGlobalSection
	GlobalSection(SolutionProperties) = preSolution
		HideSolutionNode = FALSE
	EndGlobalSection
	GlobalSection(ExtensibilityGlobals) = postSolution
		SolutionGuid = {95E37021-C4EE-45A1-9ADA-75BBBCA47F68}
	EndGlobalSection
EndGlobal
